// !$*UTF8*$!
{
	archiveVersion = 1;
	classes = {
	};
	objectVersion = 42;
	objects = {

/* Begin PBXBuildFile section */
		495B278011A566A300EE4BEB /* NetParam.m in Sources */ = {isa = PBXBuildFile; fileRef = 495B277F11A566A300EE4BEB /* NetParam.m */; };
		61747A0F11A7EF9100421C4F /* IPMNetworkManager.m in Sources */ = {isa = PBXBuildFile; fileRef = 61747A0B11A7EF9100421C4F /* IPMNetworkManager.m */; };
		61747A1011A7EF9100421C4F /* IPMPendingConnection.m in Sources */ = {isa = PBXBuildFile; fileRef = 61747A0E11A7EF9100421C4F /* IPMPendingConnection.m */; };
		61747A1E11A7F04100421C4F /* bwerror.png in Resources */ = {isa = PBXBuildFile; fileRef = 61747A1811A7F04100421C4F /* bwerror.png */; };
		61747A1F11A7F04100421C4F /* error.png in Resources */ = {isa = PBXBuildFile; fileRef = 61747A1911A7F04100421C4F /* error.png */; };
		61747A2011A7F04100421C4F /* highunread.png in Resources */ = {isa = PBXBuildFile; fileRef = 61747A1A11A7F04100421C4F /* highunread.png */; };
		61747A2111A7F04100421C4F /* nounread.png in Resources */ = {isa = PBXBuildFile; fileRef = 61747A1B11A7F04100421C4F /* nounread.png */; };
		61747A2211A7F04100421C4F /* nounreadalt.png in Resources */ = {isa = PBXBuildFile; fileRef = 61747A1C11A7F04100421C4F /* nounreadalt.png */; };
		61747A2311A7F04100421C4F /* unread.png in Resources */ = {isa = PBXBuildFile; fileRef = 61747A1D11A7F04100421C4F /* unread.png */; };
		61747A2511A7F04A00421C4F /* beep.aiff in Resources */ = {isa = PBXBuildFile; fileRef = 61747A2411A7F04A00421C4F /* beep.aiff */; };
		61747A2A11A7F0D900421C4F /* Utilities.m in Sources */ = {isa = PBXBuildFile; fileRef = 61747A2911A7F0D900421C4F /* Utilities.m */; };
		6176C12E11AE547000FC2045 /* dsa_pub.pem in Resources */ = {isa = PBXBuildFile; fileRef = 6176C12D11AE547000FC2045 /* dsa_pub.pem */; };
		8D11072B0486CEB800E47090 /* InfoPlist.strings in Resources */ = {isa = PBXBuildFile; fileRef = 089C165CFE840E0CC02AAC07 /* InfoPlist.strings */; };
		8D11072D0486CEB800E47090 /* main.m in Sources */ = {isa = PBXBuildFile; fileRef = 29B97316FDCFA39411CA2CEA /* main.m */; settings = {ATTRIBUTES = (); }; };
		8D11072F0486CEB800E47090 /* Cocoa.framework in Frameworks */ = {isa = PBXBuildFile; fileRef = 1058C7A1FEA54F0111CA2CBB /* Cocoa.framework */; };
		9A8BB4730DCA43F8003AD06B /* Localizable.strings in Resources */ = {isa = PBXBuildFile; fileRef = 9A8BB4700DCA43F8003AD06B /* Localizable.strings */; };
		C708C8C50B0FBB68001A9D57 /* Growl.framework in Frameworks */ = {isa = PBXBuildFile; fileRef = C708C8C40B0FBB68001A9D57 /* Growl.framework */; };
		C708C8CF0B0FBB9B001A9D57 /* Growl.framework in Copy Files (growl) */ = {isa = PBXBuildFile; fileRef = C708C8C40B0FBB68001A9D57 /* Growl.framework */; };
		C7137ADB0C6A222D00A69B3C /* Sparkle.framework in Frameworks */ = {isa = PBXBuildFile; fileRef = C7137ADA0C6A222D00A69B3C /* Sparkle.framework */; };
		C7137AF80C6A22C000A69B3C /* Sparkle.framework in Copy Files (sparkle) */ = {isa = PBXBuildFile; fileRef = C7137ADA0C6A222D00A69B3C /* Sparkle.framework */; };
		C7C90A530AFA78F70080D14F /* MainMenu.nib in Resources */ = {isa = PBXBuildFile; fileRef = C7C90A510AFA78F70080D14F /* MainMenu.nib */; };
		C7C90A5E0AFA790F0080D14F /* MainController.m in Sources */ = {isa = PBXBuildFile; fileRef = C7C90A560AFA790F0080D14F /* MainController.m */; };
		C7C90A6E0AFA7A020080D14F /* Reader Notifier.icns in Resources */ = {isa = PBXBuildFile; fileRef = C7C90A6D0AFA7A020080D14F /* Reader Notifier.icns */; };
		C7F2B5EC0B0A566100790961 /* Security.framework in Frameworks */ = {isa = PBXBuildFile; fileRef = C7F2B5EB0B0A566100790961 /* Security.framework */; };
		C7F2B64B0B0A5E8300790961 /* Keychain.m in Sources */ = {isa = PBXBuildFile; fileRef = C7F2B64A0B0A5E8300790961 /* Keychain.m */; };
/* End PBXBuildFile section */

/* Begin PBXCopyFilesBuildPhase section */
		C7137AF30C6A224F00A69B3C /* Copy Files (sparkle) */ = {
			isa = PBXCopyFilesBuildPhase;
			buildActionMask = 2147483647;
			dstPath = "";
			dstSubfolderSpec = 10;
			files = (
				C7137AF80C6A22C000A69B3C /* Sparkle.framework in Copy Files (sparkle) */,
			);
			name = "Copy Files (sparkle)";
			runOnlyForDeploymentPostprocessing = 0;
		};
		C72832BD0B0BD81E00282C11 /* Copy Files (growl) */ = {
			isa = PBXCopyFilesBuildPhase;
			buildActionMask = 2147483647;
			dstPath = "";
			dstSubfolderSpec = 10;
			files = (
				C708C8CF0B0FBB9B001A9D57 /* Growl.framework in Copy Files (growl) */,
			);
			name = "Copy Files (growl)";
			runOnlyForDeploymentPostprocessing = 0;
		};
/* End PBXCopyFilesBuildPhase section */

/* Begin PBXFileReference section */
		089C165DFE840E0CC02AAC07 /* English */ = {isa = PBXFileReference; fileEncoding = 10; lastKnownFileType = text.plist.strings; name = English; path = English.lproj/InfoPlist.strings; sourceTree = "<group>"; };
		1058C7A1FEA54F0111CA2CBB /* Cocoa.framework */ = {isa = PBXFileReference; lastKnownFileType = wrapper.framework; name = Cocoa.framework; path = /System/Library/Frameworks/Cocoa.framework; sourceTree = "<absolute>"; };
		13E42FB307B3F0F600E4EEF1 /* CoreData.framework */ = {isa = PBXFileReference; lastKnownFileType = wrapper.framework; name = CoreData.framework; path = /System/Library/Frameworks/CoreData.framework; sourceTree = "<absolute>"; };
		29B97316FDCFA39411CA2CEA /* main.m */ = {isa = PBXFileReference; fileEncoding = 4; lastKnownFileType = sourcecode.c.objc; path = main.m; sourceTree = "<group>"; };
		29B97324FDCFA39411CA2CEA /* AppKit.framework */ = {isa = PBXFileReference; lastKnownFileType = wrapper.framework; name = AppKit.framework; path = /System/Library/Frameworks/AppKit.framework; sourceTree = "<absolute>"; };
		29B97325FDCFA39411CA2CEA /* Foundation.framework */ = {isa = PBXFileReference; lastKnownFileType = wrapper.framework; name = Foundation.framework; path = /System/Library/Frameworks/Foundation.framework; sourceTree = "<absolute>"; };
		32CA4F630368D1EE00C91783 /* Reader Notifier_Prefix.pch */ = {isa = PBXFileReference; fileEncoding = 4; lastKnownFileType = sourcecode.c.h; path = "Reader Notifier_Prefix.pch"; sourceTree = "<group>"; };
		495B277E11A566A300EE4BEB /* NetParam.h */ = {isa = PBXFileReference; fileEncoding = 4; lastKnownFileType = sourcecode.c.h; path = NetParam.h; sourceTree = "<group>"; };
		495B277F11A566A300EE4BEB /* NetParam.m */ = {isa = PBXFileReference; fileEncoding = 4; lastKnownFileType = sourcecode.c.objc; path = NetParam.m; sourceTree = "<group>"; };
		61747A0911A7EF9100421C4F /* IPMConfiguration.h */ = {isa = PBXFileReference; fileEncoding = 4; lastKnownFileType = sourcecode.c.h; path = IPMConfiguration.h; sourceTree = "<group>"; };
		61747A0A11A7EF9100421C4F /* IPMNetworkManager.h */ = {isa = PBXFileReference; fileEncoding = 4; lastKnownFileType = sourcecode.c.h; path = IPMNetworkManager.h; sourceTree = "<group>"; };
		61747A0B11A7EF9100421C4F /* IPMNetworkManager.m */ = {isa = PBXFileReference; fileEncoding = 4; lastKnownFileType = sourcecode.c.objc; path = IPMNetworkManager.m; sourceTree = "<group>"; };
		61747A0C11A7EF9100421C4F /* IPMNetworkManagerDelegate.h */ = {isa = PBXFileReference; fileEncoding = 4; lastKnownFileType = sourcecode.c.h; path = IPMNetworkManagerDelegate.h; sourceTree = "<group>"; };
		61747A0D11A7EF9100421C4F /* IPMPendingConnection.h */ = {isa = PBXFileReference; fileEncoding = 4; lastKnownFileType = sourcecode.c.h; path = IPMPendingConnection.h; sourceTree = "<group>"; };
		61747A0E11A7EF9100421C4F /* IPMPendingConnection.m */ = {isa = PBXFileReference; fileEncoding = 4; lastKnownFileType = sourcecode.c.objc; path = IPMPendingConnection.m; sourceTree = "<group>"; };
		61747A1811A7F04100421C4F /* bwerror.png */ = {isa = PBXFileReference; lastKnownFileType = image.png; path = bwerror.png; sourceTree = "<group>"; };
		61747A1911A7F04100421C4F /* error.png */ = {isa = PBXFileReference; lastKnownFileType = image.png; path = error.png; sourceTree = "<group>"; };
		61747A1A11A7F04100421C4F /* highunread.png */ = {isa = PBXFileReference; lastKnownFileType = image.png; path = highunread.png; sourceTree = "<group>"; };
		61747A1B11A7F04100421C4F /* nounread.png */ = {isa = PBXFileReference; lastKnownFileType = image.png; path = nounread.png; sourceTree = "<group>"; };
		61747A1C11A7F04100421C4F /* nounreadalt.png */ = {isa = PBXFileReference; lastKnownFileType = image.png; path = nounreadalt.png; sourceTree = "<group>"; };
		61747A1D11A7F04100421C4F /* unread.png */ = {isa = PBXFileReference; lastKnownFileType = image.png; path = unread.png; sourceTree = "<group>"; };
		61747A2411A7F04A00421C4F /* beep.aiff */ = {isa = PBXFileReference; lastKnownFileType = audio.aiff; path = beep.aiff; sourceTree = "<group>"; };
		61747A2811A7F0D900421C4F /* Utilities.h */ = {isa = PBXFileReference; fileEncoding = 4; lastKnownFileType = sourcecode.c.h; path = Utilities.h; sourceTree = "<group>"; };
		61747A2911A7F0D900421C4F /* Utilities.m */ = {isa = PBXFileReference; fileEncoding = 4; lastKnownFileType = sourcecode.c.objc; path = Utilities.m; sourceTree = "<group>"; };
		6176C12D11AE547000FC2045 /* dsa_pub.pem */ = {isa = PBXFileReference; fileEncoding = 4; lastKnownFileType = text; path = dsa_pub.pem; sourceTree = "<group>"; };
		8D1107310486CEB800E47090 /* Info.plist */ = {isa = PBXFileReference; fileEncoding = 4; lastKnownFileType = text.plist; path = Info.plist; sourceTree = "<group>"; };
		8D1107320486CEB800E47090 /* Reader Notifier Reloaded.app */ = {isa = PBXFileReference; explicitFileType = wrapper.application; includeInIndex = 0; path = "Reader Notifier Reloaded.app"; sourceTree = BUILT_PRODUCTS_DIR; };
		9A8BB46F0DCA43F8003AD06B /* Russian */ = {isa = PBXFileReference; lastKnownFileType = text.plist.strings; name = Russian; path = Russian.lproj/InfoPlist.strings; sourceTree = "<group>"; };
		9A8BB4710DCA43F8003AD06B /* Russian */ = {isa = PBXFileReference; fileEncoding = 4; lastKnownFileType = text.plist.strings; name = Russian; path = Russian.lproj/Localizable.strings; sourceTree = "<group>"; };
		9A8BB4720DCA43F8003AD06B /* Russian */ = {isa = PBXFileReference; lastKnownFileType = wrapper.nib; name = Russian; path = Russian.lproj/MainMenu.nib; sourceTree = "<group>"; };
		9A9876440DCABC01000E61CA /* English */ = {isa = PBXFileReference; lastKnownFileType = text.plist.strings; name = English; path = English.lproj/Localizable.strings; sourceTree = "<group>"; };
		C708C8C40B0FBB68001A9D57 /* Growl.framework */ = {isa = PBXFileReference; lastKnownFileType = wrapper.framework; path = Growl.framework; sourceTree = "<group>"; };
		C7137ADA0C6A222D00A69B3C /* Sparkle.framework */ = {isa = PBXFileReference; lastKnownFileType = wrapper.framework; path = Sparkle.framework; sourceTree = "<group>"; };
		C7C90A520AFA78F70080D14F /* English */ = {isa = PBXFileReference; lastKnownFileType = wrapper.nib; name = English; path = English.lproj/MainMenu.nib; sourceTree = "<group>"; };
		C7C90A550AFA790F0080D14F /* MainController.h */ = {isa = PBXFileReference; fileEncoding = 30; lastKnownFileType = sourcecode.c.h; path = MainController.h; sourceTree = "<group>"; };
		C7C90A560AFA790F0080D14F /* MainController.m */ = {isa = PBXFileReference; fileEncoding = 30; lastKnownFileType = sourcecode.c.objc; path = MainController.m; sourceTree = "<group>"; };
		C7C90A6D0AFA7A020080D14F /* Reader Notifier.icns */ = {isa = PBXFileReference; lastKnownFileType = image.icns; path = "Reader Notifier.icns"; sourceTree = "<group>"; };
		C7F2B5EB0B0A566100790961 /* Security.framework */ = {isa = PBXFileReference; lastKnownFileType = wrapper.framework; name = Security.framework; path = /System/Library/Frameworks/Security.framework; sourceTree = "<absolute>"; };
		C7F2B6490B0A5E8300790961 /* Keychain.h */ = {isa = PBXFileReference; fileEncoding = 4; lastKnownFileType = sourcecode.c.h; path = Keychain.h; sourceTree = "<group>"; };
		C7F2B64A0B0A5E8300790961 /* Keychain.m */ = {isa = PBXFileReference; fileEncoding = 4; lastKnownFileType = sourcecode.c.objc; path = Keychain.m; sourceTree = "<group>"; };
/* End PBXFileReference section */

/* Begin PBXFrameworksBuildPhase section */
		8D11072E0486CEB800E47090 /* Frameworks */ = {
			isa = PBXFrameworksBuildPhase;
			buildActionMask = 2147483647;
			files = (
				8D11072F0486CEB800E47090 /* Cocoa.framework in Frameworks */,
				C7F2B5EC0B0A566100790961 /* Security.framework in Frameworks */,
				C708C8C50B0FBB68001A9D57 /* Growl.framework in Frameworks */,
				C7137ADB0C6A222D00A69B3C /* Sparkle.framework in Frameworks */,
			);
			runOnlyForDeploymentPostprocessing = 0;
		};
/* End PBXFrameworksBuildPhase section */

/* Begin PBXGroup section */
		080E96DDFE201D6D7F000001 /* Classes */ = {
			isa = PBXGroup;
			children = (
				C7F2B6490B0A5E8300790961 /* Keychain.h */,
				C7F2B64A0B0A5E8300790961 /* Keychain.m */,
				495B277E11A566A300EE4BEB /* NetParam.h */,
				495B277F11A566A300EE4BEB /* NetParam.m */,
				61747A2811A7F0D900421C4F /* Utilities.h */,
				61747A2911A7F0D900421C4F /* Utilities.m */,
			);
			path = Classes;
			sourceTree = "<group>";
		};
		1058C7A0FEA54F0111CA2CBB /* Linked Frameworks */ = {
			isa = PBXGroup;
			children = (
				C7137ADA0C6A222D00A69B3C /* Sparkle.framework */,
				C708C8C40B0FBB68001A9D57 /* Growl.framework */,
				1058C7A1FEA54F0111CA2CBB /* Cocoa.framework */,
			);
			name = "Linked Frameworks";
			sourceTree = "<group>";
		};
		1058C7A2FEA54F0111CA2CBB /* Other Frameworks */ = {
			isa = PBXGroup;
			children = (
				C7F2B5EB0B0A566100790961 /* Security.framework */,
				29B97324FDCFA39411CA2CEA /* AppKit.framework */,
				13E42FB307B3F0F600E4EEF1 /* CoreData.framework */,
				29B97325FDCFA39411CA2CEA /* Foundation.framework */,
			);
			name = "Other Frameworks";
			sourceTree = "<group>";
		};
		19C28FACFE9D520D11CA2CBB /* Products */ = {
			isa = PBXGroup;
			children = (
				8D1107320486CEB800E47090 /* Reader Notifier Reloaded.app */,
			);
			name = Products;
			sourceTree = "<group>";
		};
		29B97314FDCFA39411CA2CEA /* Reader Notifier */ = {
			isa = PBXGroup;
			children = (
				61747A0011A7EF1A00421C4F /* IPM */,
				C76E1FEA0B05E240001B400B /* Controllers */,
				080E96DDFE201D6D7F000001 /* Classes */,
				29B97315FDCFA39411CA2CEA /* Other Sources */,
				29B97317FDCFA39411CA2CEA /* Resources */,
				29B97323FDCFA39411CA2CEA /* Frameworks */,
				19C28FACFE9D520D11CA2CBB /* Products */,
			);
			name = "Reader Notifier";
			sourceTree = "<group>";
		};
		29B97315FDCFA39411CA2CEA /* Other Sources */ = {
			isa = PBXGroup;
			children = (
				32CA4F630368D1EE00C91783 /* Reader Notifier_Prefix.pch */,
				29B97316FDCFA39411CA2CEA /* main.m */,
			);
			name = "Other Sources";
			sourceTree = "<group>";
		};
		29B97317FDCFA39411CA2CEA /* Resources */ = {
			isa = PBXGroup;
			children = (
				6176C12D11AE547000FC2045 /* dsa_pub.pem */,
				61747A1611A7F02200421C4F /* Sounds */,
				61747A1311A7EFBE00421C4F /* Images */,
				9A8BB4700DCA43F8003AD06B /* Localizable.strings */,
				C7C90A510AFA78F70080D14F /* MainMenu.nib */,
				C7C90A6D0AFA7A020080D14F /* Reader Notifier.icns */,
				8D1107310486CEB800E47090 /* Info.plist */,
				089C165CFE840E0CC02AAC07 /* InfoPlist.strings */,
			);
			name = Resources;
			sourceTree = "<group>";
		};
		29B97323FDCFA39411CA2CEA /* Frameworks */ = {
			isa = PBXGroup;
			children = (
				1058C7A0FEA54F0111CA2CBB /* Linked Frameworks */,
				1058C7A2FEA54F0111CA2CBB /* Other Frameworks */,
			);
			name = Frameworks;
			sourceTree = "<group>";
		};
		61747A0011A7EF1A00421C4F /* IPM */ = {
			isa = PBXGroup;
			children = (
				61747A0911A7EF9100421C4F /* IPMConfiguration.h */,
				61747A0A11A7EF9100421C4F /* IPMNetworkManager.h */,
				61747A0B11A7EF9100421C4F /* IPMNetworkManager.m */,
				61747A0C11A7EF9100421C4F /* IPMNetworkManagerDelegate.h */,
				61747A0D11A7EF9100421C4F /* IPMPendingConnection.h */,
				61747A0E11A7EF9100421C4F /* IPMPendingConnection.m */,
			);
			path = IPM;
			sourceTree = "<group>";
		};
		61747A1311A7EFBE00421C4F /* Images */ = {
			isa = PBXGroup;
			children = (
				61747A1811A7F04100421C4F /* bwerror.png */,
				61747A1911A7F04100421C4F /* error.png */,
				61747A1A11A7F04100421C4F /* highunread.png */,
				61747A1B11A7F04100421C4F /* nounread.png */,
				61747A1C11A7F04100421C4F /* nounreadalt.png */,
				61747A1D11A7F04100421C4F /* unread.png */,
			);
			path = Images;
			sourceTree = "<group>";
		};
		61747A1611A7F02200421C4F /* Sounds */ = {
			isa = PBXGroup;
			children = (
				61747A2411A7F04A00421C4F /* beep.aiff */,
			);
			path = Sounds;
			sourceTree = "<group>";
		};
		C76E1FEA0B05E240001B400B /* Controllers */ = {
			isa = PBXGroup;
			children = (
				C7C90A550AFA790F0080D14F /* MainController.h */,
				C7C90A560AFA790F0080D14F /* MainController.m */,
			);
			path = Controllers;
			sourceTree = "<group>";
		};
/* End PBXGroup section */

/* Begin PBXNativeTarget section */
		8D1107260486CEB800E47090 /* Reader Notifier Reloaded */ = {
			isa = PBXNativeTarget;
			buildConfigurationList = C01FCF4A08A954540054247B /* Build configuration list for PBXNativeTarget "Reader Notifier Reloaded" */;
			buildPhases = (
				8D1107290486CEB800E47090 /* Resources */,
				8D11072C0486CEB800E47090 /* Sources */,
				8D11072E0486CEB800E47090 /* Frameworks */,
				C72832BD0B0BD81E00282C11 /* Copy Files (growl) */,
				C7137AF30C6A224F00A69B3C /* Copy Files (sparkle) */,
				6176C14811AE5DDB00FC2045 /* ShellScript */,
			);
			buildRules = (
			);
			dependencies = (
			);
			name = "Reader Notifier Reloaded";
			productInstallPath = "$(HOME)/Applications";
			productName = "Reader Notifier";
			productReference = 8D1107320486CEB800E47090 /* Reader Notifier Reloaded.app */;
			productType = "com.apple.product-type.application";
		};
/* End PBXNativeTarget section */

/* Begin PBXProject section */
		29B97313FDCFA39411CA2CEA /* Project object */ = {
			isa = PBXProject;
			buildConfigurationList = C01FCF4E08A954540054247B /* Build configuration list for PBXProject "Reader Notifier" */;
			compatibilityVersion = "Xcode 2.4";
			hasScannedForEncodings = 1;
			knownRegions = (
				English,
				Japanese,
				French,
				German,
				Russian,
				Danish,
			);
			mainGroup = 29B97314FDCFA39411CA2CEA /* Reader Notifier */;
			projectDirPath = "";
			projectRoot = "";
			targets = (
				8D1107260486CEB800E47090 /* Reader Notifier Reloaded */,
			);
		};
/* End PBXProject section */

/* Begin PBXResourcesBuildPhase section */
		8D1107290486CEB800E47090 /* Resources */ = {
			isa = PBXResourcesBuildPhase;
			buildActionMask = 2147483647;
			files = (
				8D11072B0486CEB800E47090 /* InfoPlist.strings in Resources */,
				C7C90A530AFA78F70080D14F /* MainMenu.nib in Resources */,
				C7C90A6E0AFA7A020080D14F /* Reader Notifier.icns in Resources */,
				9A8BB4730DCA43F8003AD06B /* Localizable.strings in Resources */,
				61747A1E11A7F04100421C4F /* bwerror.png in Resources */,
				61747A1F11A7F04100421C4F /* error.png in Resources */,
				61747A2011A7F04100421C4F /* highunread.png in Resources */,
				61747A2111A7F04100421C4F /* nounread.png in Resources */,
				61747A2211A7F04100421C4F /* nounreadalt.png in Resources */,
				61747A2311A7F04100421C4F /* unread.png in Resources */,
				61747A2511A7F04A00421C4F /* beep.aiff in Resources */,
				6176C12E11AE547000FC2045 /* dsa_pub.pem in Resources */,
			);
			runOnlyForDeploymentPostprocessing = 0;
		};
/* End PBXResourcesBuildPhase section */

/* Begin PBXShellScriptBuildPhase section */
		6176C14811AE5DDB00FC2045 /* ShellScript */ = {
			isa = PBXShellScriptBuildPhase;
			buildActionMask = 2147483647;
			files = (
			);
			inputPaths = (
			);
			outputPaths = (
			);
			runOnlyForDeploymentPostprocessing = 0;
			shellPath = /bin/bash;
			shellScript = "set -o errexit\n\nif [[ $BUILD_STYLE != \"Deploy\" ]]; then \n\techo Distribution target requires \"'Deploy'\" build style\n\texit\nfi\n\nVERSION=$(defaults read \"$BUILT_PRODUCTS_DIR/$PRODUCT_NAME.app/Contents/Info\" CFBundleVersion)\nDOWNLOAD_BASE_URL=\"http://github.com/godenzim/readernotifier\"\nRELEASENOTES_URL=\"http://www.caffeineapps.com/ReaderNotifierReloaded/$VERSION.html\"\n\nARCHIVE_FILENAME=\"${PRODUCT_NAME}_$VERSION.zip\"\nDOWNLOAD_URL=\"$DOWNLOAD_BASE_URL/$ARCHIVE_FILENAME\"\nKEYCHAIN_PRIVKEY_NAME=\"Sparkle Private Key\"\n\nWD=$PWD\ncd \"$BUILT_PRODUCTS_DIR\"\nrm -f \"$PRODUCT_NAME\"*.zip\nditto -ck --keepParent \"$PRODUCT_NAME.app\" \"$ARCHIVE_FILENAME\"\n\nSIZE=$(stat -f %z \"$ARCHIVE_FILENAME\")\nPUBDATE=$(LC_TIME=en_US date +\"%a, %d %b %G %T %z\")\nSIGNATURE=$(\n\tmyvar=$(security find-generic-password -g -s \"Sparkle Private Key\" 2>&1 1>/dev/null | sed 's/.*-----BEGIN DSA PRIVATE KEY-----\\\\012\\(.*\\)\\\\012-----END DSA PRIVATE KEY-----.*/-----BEGIN DSA PRIVATE KEY-----\\\n\\1\\\n-----END DSA PRIVATE KEY-----/g')\n\necho \"$myvar\" > tmp.tmp\n\nopenssl dgst -sha1 -binary < \"$ARCHIVE_FILENAME\" \\\n| openssl dgst -dss1 -sign < tmp.tmp \\\n| openssl enc -base64\n\nrm tmp.tmp\n)\n\n[ $SIGNATURE ] || { echo Unable to load signing private key with name \"'$KEYCHAIN_PRIVKEY_NAME'\" from keychain; false; }\n\ncat > $VERSION.xml <<EOF\n<item>\n\t<title>Version $VERSION</title>\n\t<sparkle:releaseNotesLink>$RELEASENOTES_URL</sparkle:releaseNotesLink>\n\t<pubDate>$PUBDATE</pubDate>\n\t<enclosure\n\t\turl=\"$DOWNLOAD_URL\"\n\t\tsparkle:version=\"$VERSION\"\n\t\ttype=\"application/octet-stream\"\n\t\tlength=\"$SIZE\"\n\t\tsparkle:dsaSignature=\"$SIGNATURE\"\n\t/>\n</item>\nEOF";
		};
/* End PBXShellScriptBuildPhase section */

/* Begin PBXSourcesBuildPhase section */
		8D11072C0486CEB800E47090 /* Sources */ = {
			isa = PBXSourcesBuildPhase;
			buildActionMask = 2147483647;
			files = (
				8D11072D0486CEB800E47090 /* main.m in Sources */,
				C7C90A5E0AFA790F0080D14F /* MainController.m in Sources */,
				C7F2B64B0B0A5E8300790961 /* Keychain.m in Sources */,
				495B278011A566A300EE4BEB /* NetParam.m in Sources */,
				61747A0F11A7EF9100421C4F /* IPMNetworkManager.m in Sources */,
				61747A1011A7EF9100421C4F /* IPMPendingConnection.m in Sources */,
				61747A2A11A7F0D900421C4F /* Utilities.m in Sources */,
			);
			runOnlyForDeploymentPostprocessing = 0;
		};
/* End PBXSourcesBuildPhase section */

/* Begin PBXVariantGroup section */
		089C165CFE840E0CC02AAC07 /* InfoPlist.strings */ = {
			isa = PBXVariantGroup;
			children = (
				089C165DFE840E0CC02AAC07 /* English */,
				9A8BB46F0DCA43F8003AD06B /* Russian */,
			);
			name = InfoPlist.strings;
			sourceTree = "<group>";
		};
		9A8BB4700DCA43F8003AD06B /* Localizable.strings */ = {
			isa = PBXVariantGroup;
			children = (
				9A8BB4710DCA43F8003AD06B /* Russian */,
				9A9876440DCABC01000E61CA /* English */,
			);
			name = Localizable.strings;
			sourceTree = "<group>";
		};
		C7C90A510AFA78F70080D14F /* MainMenu.nib */ = {
			isa = PBXVariantGroup;
			children = (
				C7C90A520AFA78F70080D14F /* English */,
				9A8BB4720DCA43F8003AD06B /* Russian */,
			);
			name = MainMenu.nib;
			sourceTree = "<group>";
		};
/* End PBXVariantGroup section */

/* Begin XCBuildConfiguration section */
		6176C15811AE633D00FC2045 /* Deploy */ = {
			isa = XCBuildConfiguration;
			buildSettings = {
				ARCHS = "$(ARCHS_STANDARD_32_64_BIT_PRE_XCODE_3_1)";
				ARCHS_STANDARD_32_64_BIT_PRE_XCODE_3_1 = "x86_64 i386 ppc";
				GCC_PRECOMPILE_PREFIX_HEADER = YES;
				GCC_PREFIX_HEADER = "Reader Notifier_Prefix.pch";
				GCC_WARN_ABOUT_RETURN_TYPE = YES;
				GCC_WARN_UNUSED_VARIABLE = YES;
				PREBINDING = NO;
				SDKROOT = "$(DEVELOPER_SDK_DIR)/MacOSX10.6.sdk";
			};
			name = Deploy;
		};
		6176C15911AE633D00FC2045 /* Deploy */ = {
			isa = XCBuildConfiguration;
			buildSettings = {
				ARCHS = "$(ARCHS_STANDARD_32_64_BIT_PRE_XCODE_3_1)";
				ARCHS_STANDARD_32_64_BIT_PRE_XCODE_3_1 = "x86_64 i386 ppc";
				FRAMEWORK_SEARCH_PATHS = (
					"$(inherited)",
					"$(FRAMEWORK_SEARCH_PATHS_QUOTED_1)",
					"$(FRAMEWORK_SEARCH_PATHS_QUOTED_2)",
					"$(FRAMEWORK_SEARCH_PATHS_QUOTED_3)",
					"$(FRAMEWORK_SEARCH_PATHS_QUOTED_3)",
					"$(FRAMEWORK_SEARCH_PATHS_QUOTED_4)",
				);
				FRAMEWORK_SEARCH_PATHS_QUOTED_1 = "\"$(SRCROOT)\"";
				FRAMEWORK_SEARCH_PATHS_QUOTED_2 = "\"$(SRCROOT)\"";
				FRAMEWORK_SEARCH_PATHS_QUOTED_3 = "\"$(SRCROOT)\"";
				FRAMEWORK_SEARCH_PATHS_QUOTED_4 = "\"$(SRCROOT)\"";
				GCC_GENERATE_DEBUGGING_SYMBOLS = NO;
				GCC_MODEL_TUNING = G5;
				GCC_VERSION = 4.0;
				INFOPLIST_FILE = Info.plist;
				INSTALL_PATH = "$(HOME)/Applications";
				PRODUCT_NAME = "Reader Notifier Reloaded";
				SDKROOT = "$(DEVELOPER_SDK_DIR)/MacOSX10.6.sdk";
				WRAPPER_EXTENSION = app;
			};
			name = Deploy;
		};
		C01FCF4B08A954540054247B /* Debug */ = {
			isa = XCBuildConfiguration;
			buildSettings = {
				ARCHS = "$(ARCHS_STANDARD_32_64_BIT_PRE_XCODE_3_1)";
				ARCHS_STANDARD_32_64_BIT_PRE_XCODE_3_1 = "x86_64 i386 ppc";
				COPY_PHASE_STRIP = NO;
				FRAMEWORK_SEARCH_PATHS = (
					"$(inherited)",
					"$(FRAMEWORK_SEARCH_PATHS_QUOTED_1)",
					"$(FRAMEWORK_SEARCH_PATHS_QUOTED_2)",
					"$(FRAMEWORK_SEARCH_PATHS_QUOTED_3)",
					"$(FRAMEWORK_SEARCH_PATHS_QUOTED_3)",
					"$(FRAMEWORK_SEARCH_PATHS_QUOTED_4)",
				);
				FRAMEWORK_SEARCH_PATHS_QUOTED_1 = "\"$(SRCROOT)\"";
				FRAMEWORK_SEARCH_PATHS_QUOTED_2 = "\"$(SRCROOT)\"";
				FRAMEWORK_SEARCH_PATHS_QUOTED_3 = "\"$(SRCROOT)\"";
				FRAMEWORK_SEARCH_PATHS_QUOTED_4 = "\"$(SRCROOT)\"";
				GCC_DYNAMIC_NO_PIC = NO;
				GCC_ENABLE_FIX_AND_CONTINUE = YES;
				GCC_MODEL_TUNING = G5;
				GCC_OPTIMIZATION_LEVEL = 0;
				GCC_VERSION = 4.0;
				INFOPLIST_FILE = Info.plist;
				INSTALL_PATH = "$(HOME)/Applications";
				PRODUCT_NAME = "Reader Notifier Reloaded";
				SDKROOT = "$(DEVELOPER_SDK_DIR)/MacOSX10.6.sdk";
				WRAPPER_EXTENSION = app;
				ZERO_LINK = YES;
			};
			name = Debug;
		};
		C01FCF4C08A954540054247B /* Release */ = {
			isa = XCBuildConfiguration;
			buildSettings = {
				ARCHS = "$(ARCHS_STANDARD_32_64_BIT_PRE_XCODE_3_1)";
				ARCHS_STANDARD_32_64_BIT_PRE_XCODE_3_1 = "x86_64 i386 ppc";
				FRAMEWORK_SEARCH_PATHS = (
					"$(inherited)",
					"$(FRAMEWORK_SEARCH_PATHS_QUOTED_1)",
					"$(FRAMEWORK_SEARCH_PATHS_QUOTED_2)",
					"$(FRAMEWORK_SEARCH_PATHS_QUOTED_3)",
					"$(FRAMEWORK_SEARCH_PATHS_QUOTED_3)",
					"$(FRAMEWORK_SEARCH_PATHS_QUOTED_4)",
				);
				FRAMEWORK_SEARCH_PATHS_QUOTED_1 = "\"$(SRCROOT)\"";
				FRAMEWORK_SEARCH_PATHS_QUOTED_2 = "\"$(SRCROOT)\"";
				FRAMEWORK_SEARCH_PATHS_QUOTED_3 = "\"$(SRCROOT)\"";
				FRAMEWORK_SEARCH_PATHS_QUOTED_4 = "\"$(SRCROOT)\"";
				GCC_GENERATE_DEBUGGING_SYMBOLS = NO;
				GCC_MODEL_TUNING = G5;
				GCC_VERSION = 4.0;
				INFOPLIST_FILE = Info.plist;
				INSTALL_PATH = "$(HOME)/Applications";
				PRODUCT_NAME = "Reader Notifier Reloaded";
				SDKROOT = "$(DEVELOPER_SDK_DIR)/MacOSX10.6.sdk";
				WRAPPER_EXTENSION = app;
			};
			name = Release;
		};
		C01FCF4F08A954540054247B /* Debug */ = {
			isa = XCBuildConfiguration;
			buildSettings = {
				ARCHS = "$(ARCHS_STANDARD_32_64_BIT_PRE_XCODE_3_1)";
				ARCHS_STANDARD_32_64_BIT_PRE_XCODE_3_1 = "x86_64 i386 ppc";
				GCC_PRECOMPILE_PREFIX_HEADER = YES;
				GCC_PREFIX_HEADER = "Reader Notifier_Prefix.pch";
				GCC_WARN_ABOUT_RETURN_TYPE = YES;
				GCC_WARN_UNUSED_VARIABLE = YES;
				OTHER_CFLAGS = "-DDEBUG";
				PREBINDING = NO;
				SDKROOT = "$(DEVELOPER_SDK_DIR)/MacOSX10.6.sdk";
			};
			name = Debug;
		};
		C01FCF5008A954540054247B /* Release */ = {
			isa = XCBuildConfiguration;
			buildSettings = {
				ARCHS = "$(ARCHS_STANDARD_32_64_BIT_PRE_XCODE_3_1)";
				ARCHS_STANDARD_32_64_BIT_PRE_XCODE_3_1 = "x86_64 i386 ppc";
				GCC_PRECOMPILE_PREFIX_HEADER = YES;
				GCC_PREFIX_HEADER = "Reader Notifier_Prefix.pch";
				GCC_WARN_ABOUT_RETURN_TYPE = YES;
				GCC_WARN_UNUSED_VARIABLE = YES;
				PREBINDING = NO;
				SDKROOT = "$(DEVELOPER_SDK_DIR)/MacOSX10.6.sdk";
			};
			name = Release;
		};
/* End XCBuildConfiguration section */

/* Begin XCConfigurationList section */
		C01FCF4A08A954540054247B /* Build configuration list for PBXNativeTarget "Reader Notifier Reloaded" */ = {
			isa = XCConfigurationList;
			buildConfigurations = (
				C01FCF4B08A954540054247B /* Debug */,
				C01FCF4C08A954540054247B /* Release */,
				6176C15911AE633D00FC2045 /* Deploy */,
			);
			defaultConfigurationIsVisible = 0;
			defaultConfigurationName = Release;
		};
		C01FCF4E08A954540054247B /* Build configuration list for PBXProject "Reader Notifier" */ = {
			isa = XCConfigurationList;
			buildConfigurations = (
				C01FCF4F08A954540054247B /* Debug */,
				C01FCF5008A954540054247B /* Release */,
				6176C15811AE633D00FC2045 /* Deploy */,
			);
			defaultConfigurationIsVisible = 0;
			defaultConfigurationName = Release;
		};
/* End XCConfigurationList section */
	};
	rootObject = 29B97313FDCFA39411CA2CEA /* Project object */;
}
